
Microsoft Visual Studio Solution File, Format Version 12.00
# Visual Studio Version 17
VisualStudioVersion = 17.8.34316.72
MinimumVisualStudioVersion = 10.0.40219.1
Project("{FAE04EC0-301F-11D3-BF4B-00C04F79EFBC}") = "AbstractNedir", "AbstractNedir\AbstractNedir.csproj", "{B6209D24-F96C-4E33-9AB9-0D1C5AA5D6B0}"
EndProject
Global
	GlobalSection(SolutionConfigurationPlatforms) = preSolution
		Debug|Any CPU = Debug|Any CPU
		Release|Any CPU = Release|Any CPU
	EndGlobalSection
	GlobalSection(ProjectConfigurationPlatforms) = postSolution
		{B6209D24-F96C-4E33-9AB9-0D1C5AA5D6B0}.Debug|Any CPU.ActiveCfg = Debug|Any CPU
		{B6209D24-F96C-4E33-9AB9-0D1C5AA5D6B0}.Debug|Any CPU.Build.0 = Debug|Any CPU
		{B6209D24-F96C-4E33-9AB9-0D1C5AA5D6B0}.Release|Any CPU.ActiveCfg = Release|Any CPU
		{B6209D24-F96C-4E33-9AB9-0D1C5AA5D6B0}.Release|Any CPU.Build.0 = Release|Any CPU
	EndGlobalSection
	GlobalSection(SolutionProperties) = preSolution
		HideSolutionNode = FALSE
	EndGlobalSection
	GlobalSection(ExtensibilityGlobals) = postSolution
		SolutionGuid = {829E773A-C8D6-49C8-9307-E27ABB6E14A7}
	EndGlobalSection
EndGlobal
